
Microsoft Visual Studio Solution File, Format Version 12.00
# Visual Studio Version 17
VisualStudioVersion = 17.2.32616.157
MinimumVisualStudioVersion = 10.0.40219.1
Project("{FAE04EC0-301F-11D3-BF4B-00C04F79EFBC}") = "Models", "Models\Models.csproj", "{CCB9BF92-533B-4360-B3D6-CCB5D21764E6}"
EndProject
Project("{FAE04EC0-301F-11D3-BF4B-00C04F79EFBC}") = "Ninja.UnitTest", "Ninja.UnitTest\Ninja.UnitTest.csproj", "{77A86168-F24F-4FD1-907C-577023C2DED0}"
EndProject
Project("{FAE04EC0-301F-11D3-BF4B-00C04F79EFBC}") = "Ninja.Models", "Ninja.Models\Ninja.Models.csproj", "{DF62FD73-87FC-435F-8CFD-75F852A6F482}"
EndProject
Global
	GlobalSection(SolutionConfigurationPlatforms) = preSolution
		Debug|Any CPU = Debug|Any CPU
		Release|Any CPU = Release|Any CPU
	EndGlobalSection
	GlobalSection(ProjectConfigurationPlatforms) = postSolution
		{CCB9BF92-533B-4360-B3D6-CCB5D21764E6}.Debug|Any CPU.ActiveCfg = Debug|Any CPU
		{CCB9BF92-533B-4360-B3D6-CCB5D21764E6}.Debug|Any CPU.Build.0 = Debug|Any CPU
		{CCB9BF92-533B-4360-B3D6-CCB5D21764E6}.Release|Any CPU.ActiveCfg = Release|Any CPU
		{CCB9BF92-533B-4360-B3D6-CCB5D21764E6}.Release|Any CPU.Build.0 = Release|Any CPU
		{77A86168-F24F-4FD1-907C-577023C2DED0}.Debug|Any CPU.ActiveCfg = Debug|Any CPU
		{77A86168-F24F-4FD1-907C-577023C2DED0}.Debug|Any CPU.Build.0 = Debug|Any CPU
		{77A86168-F24F-4FD1-907C-577023C2DED0}.Release|Any CPU.ActiveCfg = Release|Any CPU
		{77A86168-F24F-4FD1-907C-577023C2DED0}.Release|Any CPU.Build.0 = Release|Any CPU
		{DF62FD73-87FC-435F-8CFD-75F852A6F482}.Debug|Any CPU.ActiveCfg = Debug|Any CPU
		{DF62FD73-87FC-435F-8CFD-75F852A6F482}.Debug|Any CPU.Build.0 = Debug|Any CPU
		{DF62FD73-87FC-435F-8CFD-75F852A6F482}.Release|Any CPU.ActiveCfg = Release|Any CPU
		{DF62FD73-87FC-435F-8CFD-75F852A6F482}.Release|Any CPU.Build.0 = Release|Any CPU
	EndGlobalSection
	GlobalSection(SolutionProperties) = preSolution
		HideSolutionNode = FALSE
	EndGlobalSection
	GlobalSection(ExtensibilityGlobals) = postSolution
		SolutionGuid = {C98BD413-8AB3-4E32-AF70-FDF715D0B0C4}
	EndGlobalSection
EndGlobal
